
Microsoft Visual Studio Solution File, Format Version 12.00
Project("{FAE04EC0-301F-11D3-BF4B-00C04F79EFBC}") = "TwitchAdDetect", "TwitchAdDetect\TwitchAdDetect.csproj", "{CBCD828B-88F0-4AF0-82B0-ED73B07EA6DD}"
EndProject
Global
	GlobalSection(SolutionConfigurationPlatforms) = preSolution
		Debug|Any CPU = Debug|Any CPU
		Release|Any CPU = Release|Any CPU
	EndGlobalSection
	GlobalSection(ProjectConfigurationPlatforms) = postSolution
		{CBCD828B-88F0-4AF0-82B0-ED73B07EA6DD}.Debug|Any CPU.ActiveCfg = Debug|Any CPU
		{CBCD828B-88F0-4AF0-82B0-ED73B07EA6DD}.Debug|Any CPU.Build.0 = Debug|Any CPU
		{CBCD828B-88F0-4AF0-82B0-ED73B07EA6DD}.Release|Any CPU.ActiveCfg = Release|Any CPU
		{CBCD828B-88F0-4AF0-82B0-ED73B07EA6DD}.Release|Any CPU.Build.0 = Release|Any CPU
	EndGlobalSection
EndGlobal
